schema: '2.0'
stages:
  ingestion:
    cmd: python -m src.ingestion.ingest
    deps:
    - path: data/raw
      hash: md5
      md5: 547995908695f8ad9c4f0b946c3dc786.dir
      size: 64360552
      nfiles: 2
    - path: src/ingestion/ingest.py
      hash: md5
      md5: 6aa767035aafbf8ef33a79236207e180
      size: 1924
    outs:
    - path: data/processed/pages/pages.jsonl
      hash: md5
      md5: d5176791edf4f4dbfdaaa8e486432eee
      size: 16847283
  cleaning:
    cmd: python -m src.cleaning.clean
    deps:
    - path: data/processed/pages/pages.jsonl
      hash: md5
      md5: d5176791edf4f4dbfdaaa8e486432eee
      size: 16847283
    - path: src/cleaning/clean.py
      hash: md5
      md5: f00c7921cb4f6f895ad662680e2ea79e
      size: 10290
    outs:
    - path: data/processed/chunks/chunks.jsonl
      hash: md5
      md5: 6f3c2c7dac5e307b2db0ea3d4f460b21
      size: 18488641
  embeddings:
    cmd: python -m src.embeddings.embed
    deps:
    - path: data/processed/chunks/chunks.jsonl
      hash: md5
      md5: 6f3c2c7dac5e307b2db0ea3d4f460b21
      size: 18488641
    - path: src/embeddings/embed.py
      hash: md5
      md5: 019f23af128e1a9bc5fbfcd6459c27eb
      size: 1618
    outs:
    - path: data/embeddings/embeddings.npy
      hash: md5
      md5: 2de0650e9c64d758e48b2c8a2b8448c7
      size: 36828800
    - path: data/embeddings/metadata.json
      hash: md5
      md5: 6a89ec491fa3419ccb4ad60d6d60c1d0
      size: 2955135
